// !$*UTF8*$!
{
	archiveVersion = 1;
	classes = {
	};
	objectVersion = 56;
	objects = {

/* Begin PBXBuildFile section */
		073D3AFE29C16FB600FC9A79 /* FavoritesViewController.swift in Sources */ = {isa = PBXBuildFile; fileRef = 073D3AFD29C16FB600FC9A79 /* FavoritesViewController.swift */; };
		0784245E29BC26AD0000022B /* AppDelegate.swift in Sources */ = {isa = PBXBuildFile; fileRef = 0784245D29BC26AD0000022B /* AppDelegate.swift */; };
		0784246029BC26AD0000022B /* SceneDelegate.swift in Sources */ = {isa = PBXBuildFile; fileRef = 0784245F29BC26AD0000022B /* SceneDelegate.swift */; };
		0784246229BC26AD0000022B /* ViewController.swift in Sources */ = {isa = PBXBuildFile; fileRef = 0784246129BC26AD0000022B /* ViewController.swift */; };
		0784246529BC26AD0000022B /* Main.storyboard in Resources */ = {isa = PBXBuildFile; fileRef = 0784246329BC26AD0000022B /* Main.storyboard */; };
		0784246729BC26AE0000022B /* Assets.xcassets in Resources */ = {isa = PBXBuildFile; fileRef = 0784246629BC26AE0000022B /* Assets.xcassets */; };
		0784246A29BC26AE0000022B /* LaunchScreen.storyboard in Resources */ = {isa = PBXBuildFile; fileRef = 0784246829BC26AE0000022B /* LaunchScreen.storyboard */; };
		0784247529BC2E700000022B /* TabView.swift in Sources */ = {isa = PBXBuildFile; fileRef = 0784247429BC2E700000022B /* TabView.swift */; };
		0784247829BD3E980000022B /* SF-Compact.ttf in Resources */ = {isa = PBXBuildFile; fileRef = 0784247729BD3E980000022B /* SF-Compact.ttf */; };
		0784247C29BD462C0000022B /* FeaturedViewController.swift in Sources */ = {isa = PBXBuildFile; fileRef = 0784247B29BD462C0000022B /* FeaturedViewController.swift */; };
		0784247E29BE670B0000022B /* ScreenModel.swift in Sources */ = {isa = PBXBuildFile; fileRef = 0784247D29BE670B0000022B /* ScreenModel.swift */; };
		0784248029BED5270000022B /* UnsplashApi.swift in Sources */ = {isa = PBXBuildFile; fileRef = 0784247F29BED5270000022B /* UnsplashApi.swift */; };
/* End PBXBuildFile section */

/* Begin PBXFileReference section */
		073D3AFD29C16FB600FC9A79 /* FavoritesViewController.swift */ = {isa = PBXFileReference; lastKnownFileType = sourcecode.swift; path = FavoritesViewController.swift; sourceTree = "<group>"; };
		0784245A29BC26AD0000022B /* Unsplash Clone.app */ = {isa = PBXFileReference; explicitFileType = wrapper.application; includeInIndex = 0; path = "Unsplash Clone.app"; sourceTree = BUILT_PRODUCTS_DIR; };
		0784245D29BC26AD0000022B /* AppDelegate.swift */ = {isa = PBXFileReference; lastKnownFileType = sourcecode.swift; path = AppDelegate.swift; sourceTree = "<group>"; };
		0784245F29BC26AD0000022B /* SceneDelegate.swift */ = {isa = PBXFileReference; lastKnownFileType = sourcecode.swift; path = SceneDelegate.swift; sourceTree = "<group>"; };
		0784246129BC26AD0000022B /* ViewController.swift */ = {isa = PBXFileReference; lastKnownFileType = sourcecode.swift; path = ViewController.swift; sourceTree = "<group>"; };
		0784246429BC26AD0000022B /* Base */ = {isa = PBXFileReference; lastKnownFileType = file.storyboard; name = Base; path = Base.lproj/Main.storyboard; sourceTree = "<group>"; };
		0784246629BC26AE0000022B /* Assets.xcassets */ = {isa = PBXFileReference; lastKnownFileType = folder.assetcatalog; path = Assets.xcassets; sourceTree = "<group>"; };
		0784246929BC26AE0000022B /* Base */ = {isa = PBXFileReference; lastKnownFileType = file.storyboard; name = Base; path = Base.lproj/LaunchScreen.storyboard; sourceTree = "<group>"; };
		0784246B29BC26AE0000022B /* Info.plist */ = {isa = PBXFileReference; lastKnownFileType = text.plist.xml; path = Info.plist; sourceTree = "<group>"; };
		0784247429BC2E700000022B /* TabView.swift */ = {isa = PBXFileReference; lastKnownFileType = sourcecode.swift; path = TabView.swift; sourceTree = "<group>"; };
		0784247729BD3E980000022B /* SF-Compact.ttf */ = {isa = PBXFileReference; lastKnownFileType = file; path = "SF-Compact.ttf"; sourceTree = "<group>"; };
		0784247B29BD462C0000022B /* FeaturedViewController.swift */ = {isa = PBXFileReference; lastKnownFileType = sourcecode.swift; path = FeaturedViewController.swift; sourceTree = "<group>"; };
		0784247D29BE670B0000022B /* ScreenModel.swift */ = {isa = PBXFileReference; lastKnownFileType = sourcecode.swift; path = ScreenModel.swift; sourceTree = "<group>"; };
		0784247F29BED5270000022B /* UnsplashApi.swift */ = {isa = PBXFileReference; lastKnownFileType = sourcecode.swift; path = UnsplashApi.swift; sourceTree = "<group>"; };
/* End PBXFileReference section */

/* Begin PBXFrameworksBuildPhase section */
		0784245729BC26AD0000022B /* Frameworks */ = {
			isa = PBXFrameworksBuildPhase;
			buildActionMask = 2147483647;
			files = (
			);
			runOnlyForDeploymentPostprocessing = 0;
		};
/* End PBXFrameworksBuildPhase section */

/* Begin PBXGroup section */
		0784245129BC26AD0000022B = {
			isa = PBXGroup;
			children = (
				0784245C29BC26AD0000022B /* Unsplash Clone */,
				0784245B29BC26AD0000022B /* Products */,
			);
			sourceTree = "<group>";
		};
		0784245B29BC26AD0000022B /* Products */ = {
			isa = PBXGroup;
			children = (
				0784245A29BC26AD0000022B /* Unsplash Clone.app */,
			);
			name = Products;
			sourceTree = "<group>";
		};
		0784245C29BC26AD0000022B /* Unsplash Clone */ = {
			isa = PBXGroup;
			children = (
				0784247629BD3D330000022B /* fonts */,
				0784247329BC284A0000022B /* View */,
				0784247229BC28430000022B /* Model */,
				0784247129BC282F0000022B /* Controller */,
				0784245D29BC26AD0000022B /* AppDelegate.swift */,
				0784245F29BC26AD0000022B /* SceneDelegate.swift */,
				0784246329BC26AD0000022B /* Main.storyboard */,
				0784246629BC26AE0000022B /* Assets.xcassets */,
				0784246829BC26AE0000022B /* LaunchScreen.storyboard */,
				0784246B29BC26AE0000022B /* Info.plist */,
			);
			path = "Unsplash Clone";
			sourceTree = "<group>";
		};
		0784247129BC282F0000022B /* Controller */ = {
			isa = PBXGroup;
			children = (
				0784246129BC26AD0000022B /* ViewController.swift */,
				0784247B29BD462C0000022B /* FeaturedViewController.swift */,
				073D3AFD29C16FB600FC9A79 /* FavoritesViewController.swift */,
			);
			path = Controller;
			sourceTree = "<group>";
		};
		0784247229BC28430000022B /* Model */ = {
			isa = PBXGroup;
			children = (
				0784247D29BE670B0000022B /* ScreenModel.swift */,
				0784247F29BED5270000022B /* UnsplashApi.swift */,
			);
			path = Model;
			sourceTree = "<group>";
		};
		0784247329BC284A0000022B /* View */ = {
			isa = PBXGroup;
			children = (
				0784247429BC2E700000022B /* TabView.swift */,
			);
			path = View;
			sourceTree = "<group>";
		};
		0784247629BD3D330000022B /* fonts */ = {
			isa = PBXGroup;
			children = (
				0784247729BD3E980000022B /* SF-Compact.ttf */,
			);
			path = fonts;
			sourceTree = "<group>";
		};
/* End PBXGroup section */

/* Begin PBXNativeTarget section */
		0784245929BC26AD0000022B /* Unsplash Clone */ = {
			isa = PBXNativeTarget;
			buildConfigurationList = 0784246E29BC26AE0000022B /* Build configuration list for PBXNativeTarget "Unsplash Clone" */;
			buildPhases = (
				0784245629BC26AD0000022B /* Sources */,
				0784245729BC26AD0000022B /* Frameworks */,
				0784245829BC26AD0000022B /* Resources */,
			);
			buildRules = (
			);
			dependencies = (
			);
			name = "Unsplash Clone";
			productName = "Unsplash Clone";
			productReference = 0784245A29BC26AD0000022B /* Unsplash Clone.app */;
			productType = "com.apple.product-type.application";
		};
/* End PBXNativeTarget section */

/* Begin PBXProject section */
		0784245229BC26AD0000022B /* Project object */ = {
			isa = PBXProject;
			attributes = {
				BuildIndependentTargetsInParallel = 1;
				LastSwiftUpdateCheck = 1420;
				LastUpgradeCheck = 1420;
				TargetAttributes = {
					0784245929BC26AD0000022B = {
						CreatedOnToolsVersion = 14.2;
					};
				};
			};
			buildConfigurationList = 0784245529BC26AD0000022B /* Build configuration list for PBXProject "Unsplash Clone" */;
			compatibilityVersion = "Xcode 14.0";
			developmentRegion = en;
			hasScannedForEncodings = 0;
			knownRegions = (
				en,
				Base,
			);
			mainGroup = 0784245129BC26AD0000022B;
			productRefGroup = 0784245B29BC26AD0000022B /* Products */;
			projectDirPath = "";
			projectRoot = "";
			targets = (
				0784245929BC26AD0000022B /* Unsplash Clone */,
			);
		};
/* End PBXProject section */

/* Begin PBXResourcesBuildPhase section */
		0784245829BC26AD0000022B /* Resources */ = {
			isa = PBXResourcesBuildPhase;
			buildActionMask = 2147483647;
			files = (
				0784246A29BC26AE0000022B /* LaunchScreen.storyboard in Resources */,
				0784246729BC26AE0000022B /* Assets.xcassets in Resources */,
				0784246529BC26AD0000022B /* Main.storyboard in Resources */,
				0784247829BD3E980000022B /* SF-Compact.ttf in Resources */,
			);
			runOnlyForDeploymentPostprocessing = 0;
		};
/* End PBXResourcesBuildPhase section */

/* Begin PBXSourcesBuildPhase section */
		0784245629BC26AD0000022B /* Sources */ = {
			isa = PBXSourcesBuildPhase;
			buildActionMask = 2147483647;
			files = (
				0784246229BC26AD0000022B /* ViewController.swift in Sources */,
				0784248029BED5270000022B /* UnsplashApi.swift in Sources */,
				073D3AFE29C16FB600FC9A79 /* FavoritesViewController.swift in Sources */,
				0784247E29BE670B0000022B /* ScreenModel.swift in Sources */,
				0784247529BC2E700000022B /* TabView.swift in Sources */,
				0784245E29BC26AD0000022B /* AppDelegate.swift in Sources */,
				0784246029BC26AD0000022B /* SceneDelegate.swift in Sources */,
				0784247C29BD462C0000022B /* FeaturedViewController.swift in Sources */,
			);
			runOnlyForDeploymentPostprocessing = 0;
		};
/* End PBXSourcesBuildPhase section */

/* Begin PBXVariantGroup section */
		0784246329BC26AD0000022B /* Main.storyboard */ = {
			isa = PBXVariantGroup;
			children = (
				0784246429BC26AD0000022B /* Base */,
			);
			name = Main.storyboard;
			sourceTree = "<group>";
		};
		0784246829BC26AE0000022B /* LaunchScreen.storyboard */ = {
			isa = PBXVariantGroup;
			children = (
				0784246929BC26AE0000022B /* Base */,
			);
			name = LaunchScreen.storyboard;
			sourceTree = "<group>";
		};
/* End PBXVariantGroup section */

/* Begin XCBuildConfiguration section */
		0784246C29BC26AE0000022B /* Debug */ = {
			isa = XCBuildConfiguration;
			buildSettings = {
				ALWAYS_SEARCH_USER_PATHS = NO;
				CLANG_ANALYZER_NONNULL = YES;
				CLANG_ANALYZER_NUMBER_OBJECT_CONVERSION = YES_AGGRESSIVE;
				CLANG_CXX_LANGUAGE_STANDARD = "gnu++20";
				CLANG_ENABLE_MODULES = YES;
				CLANG_ENABLE_OBJC_ARC = YES;
				CLANG_ENABLE_OBJC_WEAK = YES;
				CLANG_WARN_BLOCK_CAPTURE_AUTORELEASING = YES;
				CLANG_WARN_BOOL_CONVERSION = YES;
				CLANG_WARN_COMMA = YES;
				CLANG_WARN_CONSTANT_CONVERSION = YES;
				CLANG_WARN_DEPRECATED_OBJC_IMPLEMENTATIONS = YES;
				CLANG_WARN_DIRECT_OBJC_ISA_USAGE = YES_ERROR;
				CLANG_WARN_DOCUMENTATION_COMMENTS = YES;
				CLANG_WARN_EMPTY_BODY = YES;
				CLANG_WARN_ENUM_CONVERSION = YES;
				CLANG_WARN_INFINITE_RECURSION = YES;
				CLANG_WARN_INT_CONVERSION = YES;
				CLANG_WARN_NON_LITERAL_NULL_CONVERSION = YES;
				CLANG_WARN_OBJC_IMPLICIT_RETAIN_SELF = YES;
				CLANG_WARN_OBJC_LITERAL_CONVERSION = YES;
				CLANG_WARN_OBJC_ROOT_CLASS = YES_ERROR;
				CLANG_WARN_QUOTED_INCLUDE_IN_FRAMEWORK_HEADER = YES;
				CLANG_WARN_RANGE_LOOP_ANALYSIS = YES;
				CLANG_WARN_STRICT_PROTOTYPES = YES;
				CLANG_WARN_SUSPICIOUS_MOVE = YES;
				CLANG_WARN_UNGUARDED_AVAILABILITY = YES_AGGRESSIVE;
				CLANG_WARN_UNREACHABLE_CODE = YES;
				CLANG_WARN__DUPLICATE_METHOD_MATCH = YES;
				COPY_PHASE_STRIP = NO;
				DEBUG_INFORMATION_FORMAT = dwarf;
				ENABLE_STRICT_OBJC_MSGSEND = YES;
				ENABLE_TESTABILITY = YES;
				GCC_C_LANGUAGE_STANDARD = gnu11;
				GCC_DYNAMIC_NO_PIC = NO;
				GCC_NO_COMMON_BLOCKS = YES;
				GCC_OPTIMIZATION_LEVEL = 0;
				GCC_PREPROCESSOR_DEFINITIONS = (
					"DEBUG=1",
					"$(inherited)",
				);
				GCC_WARN_64_TO_32_BIT_CONVERSION = YES;
				GCC_WARN_ABOUT_RETURN_TYPE = YES_ERROR;
				GCC_WARN_UNDECLARED_SELECTOR = YES;
				GCC_WARN_UNINITIALIZED_AUTOS = YES_AGGRESSIVE;
				GCC_WARN_UNUSED_FUNCTION = YES;
				GCC_WARN_UNUSED_VARIABLE = YES;
				IPHONEOS_DEPLOYMENT_TARGET = 16.2;
				MTL_ENABLE_DEBUG_INFO = INCLUDE_SOURCE;
				MTL_FAST_MATH = YES;
				ONLY_ACTIVE_ARCH = YES;
				SDKROOT = iphoneos;
				SWIFT_ACTIVE_COMPILATION_CONDITIONS = DEBUG;
				SWIFT_OPTIMIZATION_LEVEL = "-Onone";
			};
			name = Debug;
		};
		0784246D29BC26AE0000022B /* Release */ = {
			isa = XCBuildConfiguration;
			buildSettings = {
				ALWAYS_SEARCH_USER_PATHS = NO;
				CLANG_ANALYZER_NONNULL = YES;
				CLANG_ANALYZER_NUMBER_OBJECT_CONVERSION = YES_AGGRESSIVE;
				CLANG_CXX_LANGUAGE_STANDARD = "gnu++20";
				CLANG_ENABLE_MODULES = YES;
				CLANG_ENABLE_OBJC_ARC = YES;
				CLANG_ENABLE_OBJC_WEAK = YES;
				CLANG_WARN_BLOCK_CAPTURE_AUTORELEASING = YES;
				CLANG_WARN_BOOL_CONVERSION = YES;
				CLANG_WARN_COMMA = YES;
				CLANG_WARN_CONSTANT_CONVERSION = YES;
				CLANG_WARN_DEPRECATED_OBJC_IMPLEMENTATIONS = YES;
				CLANG_WARN_DIRECT_OBJC_ISA_USAGE = YES_ERROR;
				CLANG_WARN_DOCUMENTATION_COMMENTS = YES;
				CLANG_WARN_EMPTY_BODY = YES;
				CLANG_WARN_ENUM_CONVERSION = YES;
				CLANG_WARN_INFINITE_RECURSION = YES;
				CLANG_WARN_INT_CONVERSION = YES;
				CLANG_WARN_NON_LITERAL_NULL_CONVERSION = YES;
				CLANG_WARN_OBJC_IMPLICIT_RETAIN_SELF = YES;
				CLANG_WARN_OBJC_LITERAL_CONVERSION = YES;
				CLANG_WARN_OBJC_ROOT_CLASS = YES_ERROR;
				CLANG_WARN_QUOTED_INCLUDE_IN_FRAMEWORK_HEADER = YES;
				CLANG_WARN_RANGE_LOOP_ANALYSIS = YES;
				CLANG_WARN_STRICT_PROTOTYPES = YES;
				CLANG_WARN_SUSPICIOUS_MOVE = YES;
				CLANG_WARN_UNGUARDED_AVAILABILITY = YES_AGGRESSIVE;
				CLANG_WARN_UNREACHABLE_CODE = YES;
				CLANG_WARN__DUPLICATE_METHOD_MATCH = YES;
				COPY_PHASE_STRIP = NO;
				DEBUG_INFORMATION_FORMAT = "dwarf-with-dsym";
				ENABLE_NS_ASSERTIONS = NO;
				ENABLE_STRICT_OBJC_MSGSEND = YES;
				GCC_C_LANGUAGE_STANDARD = gnu11;
				GCC_NO_COMMON_BLOCKS = YES;
				GCC_WARN_64_TO_32_BIT_CONVERSION = YES;
				GCC_WARN_ABOUT_RETURN_TYPE = YES_ERROR;
				GCC_WARN_UNDECLARED_SELECTOR = YES;
				GCC_WARN_UNINITIALIZED_AUTOS = YES_AGGRESSIVE;
				GCC_WARN_UNUSED_FUNCTION = YES;
				GCC_WARN_UNUSED_VARIABLE = YES;
				IPHONEOS_DEPLOYMENT_TARGET = 16.2;
				MTL_ENABLE_DEBUG_INFO = NO;
				MTL_FAST_MATH = YES;
				SDKROOT = iphoneos;
				SWIFT_COMPILATION_MODE = wholemodule;
				SWIFT_OPTIMIZATION_LEVEL = "-O";
				VALIDATE_PRODUCT = YES;
			};
			name = Release;
		};
		0784246F29BC26AE0000022B /* Debug */ = {
			isa = XCBuildConfiguration;
			buildSettings = {
				ASSETCATALOG_COMPILER_APPICON_NAME = AppIcon;
				ASSETCATALOG_COMPILER_GLOBAL_ACCENT_COLOR_NAME = AccentColor;
				CODE_SIGN_STYLE = Automatic;
				CURRENT_PROJECT_VERSION = 1;
				DEVELOPMENT_TEAM = WP9F9KTAC7;
				GENERATE_INFOPLIST_FILE = YES;
				INFOPLIST_FILE = "Unsplash Clone/Info.plist";
				INFOPLIST_KEY_UIApplicationSupportsIndirectInputEvents = YES;
				INFOPLIST_KEY_UILaunchStoryboardName = LaunchScreen;
				INFOPLIST_KEY_UIMainStoryboardFile = Main;
				INFOPLIST_KEY_UIStatusBarStyle = UIStatusBarStyleLightContent;
				INFOPLIST_KEY_UISupportedInterfaceOrientations_iPad = "UIInterfaceOrientationPortrait UIInterfaceOrientationPortraitUpsideDown UIInterfaceOrientationLandscapeLeft UIInterfaceOrientationLandscapeRight";
				INFOPLIST_KEY_UISupportedInterfaceOrientations_iPhone = "UIInterfaceOrientationPortrait UIInterfaceOrientationLandscapeLeft UIInterfaceOrientationLandscapeRight";
				LD_RUNPATH_SEARCH_PATHS = (
					"$(inherited)",
					"@executable_path/Frameworks",
				);
				MARKETING_VERSION = 1.0;
				PRODUCT_BUNDLE_IDENTIFIER = "undefeatedapps.Unsplash-Clone";
				PRODUCT_NAME = "$(TARGET_NAME)";
				SWIFT_EMIT_LOC_STRINGS = YES;
				SWIFT_VERSION = 5.0;
				TARGETED_DEVICE_FAMILY = "1,2";
			};
			name = Debug;
		};
		0784247029BC26AE0000022B /* Release */ = {
			isa = XCBuildConfiguration;
			buildSettings = {
				ASSETCATALOG_COMPILER_APPICON_NAME = AppIcon;
				ASSETCATALOG_COMPILER_GLOBAL_ACCENT_COLOR_NAME = AccentColor;
				CODE_SIGN_STYLE = Automatic;
				CURRENT_PROJECT_VERSION = 1;
				DEVELOPMENT_TEAM = WP9F9KTAC7;
				GENERATE_INFOPLIST_FILE = YES;
				INFOPLIST_FILE = "Unsplash Clone/Info.plist";
				INFOPLIST_KEY_UIApplicationSupportsIndirectInputEvents = YES;
				INFOPLIST_KEY_UILaunchStoryboardName = LaunchScreen;
				INFOPLIST_KEY_UIMainStoryboardFile = Main;
				INFOPLIST_KEY_UIStatusBarStyle = UIStatusBarStyleLightContent;
				INFOPLIST_KEY_UISupportedInterfaceOrientations_iPad = "UIInterfaceOrientationPortrait UIInterfaceOrientationPortraitUpsideDown UIInterfaceOrientationLandscapeLeft UIInterfaceOrientationLandscapeRight";
				INFOPLIST_KEY_UISupportedInterfaceOrientations_iPhone = "UIInterfaceOrientationPortrait UIInterfaceOrientationLandscapeLeft UIInterfaceOrientationLandscapeRight";
				LD_RUNPATH_SEARCH_PATHS = (
					"$(inherited)",
					"@executable_path/Frameworks",
				);
				MARKETING_VERSION = 1.0;
				PRODUCT_BUNDLE_IDENTIFIER = "undefeatedapps.Unsplash-Clone";
				PRODUCT_NAME = "$(TARGET_NAME)";
				SWIFT_EMIT_LOC_STRINGS = YES;
				SWIFT_VERSION = 5.0;
				TARGETED_DEVICE_FAMILY = "1,2";
			};
			name = Release;
		};
/* End XCBuildConfiguration section */

/* Begin XCConfigurationList section */
		0784245529BC26AD0000022B /* Build configuration list for PBXProject "Unsplash Clone" */ = {
			isa = XCConfigurationList;
			buildConfigurations = (
				0784246C29BC26AE0000022B /* Debug */,
				0784246D29BC26AE0000022B /* Release */,
			);
			defaultConfigurationIsVisible = 0;
			defaultConfigurationName = Release;
		};
		0784246E29BC26AE0000022B /* Build configuration list for PBXNativeTarget "Unsplash Clone" */ = {
			isa = XCConfigurationList;
			buildConfigurations = (
				0784246F29BC26AE0000022B /* Debug */,
				0784247029BC26AE0000022B /* Release */,
			);
			defaultConfigurationIsVisible = 0;
			defaultConfigurationName = Release;
		};
/* End XCConfigurationList section */
	};
	rootObject = 0784245229BC26AD0000022B /* Project object */;
}
